
Microsoft Visual Studio Solution File, Format Version 12.00
# Visual Studio Version 16
VisualStudioVersion = 16.0.32602.291
MinimumVisualStudioVersion = 10.0.40219.1
Project("{FAE04EC0-301F-11D3-BF4B-00C04F79EFBC}") = "Task-jetkins", "Task-jetkins\Task-jetkins.csproj", "{C077CBCE-B972-4E91-A88D-7E7C1DD6A9EC}"
EndProject
Global
	GlobalSection(SolutionConfigurationPlatforms) = preSolution
		Debug|Any CPU = Debug|Any CPU
		Release|Any CPU = Release|Any CPU
	EndGlobalSection
	GlobalSection(ProjectConfigurationPlatforms) = postSolution
		{C077CBCE-B972-4E91-A88D-7E7C1DD6A9EC}.Debug|Any CPU.ActiveCfg = Debug|Any CPU
		{C077CBCE-B972-4E91-A88D-7E7C1DD6A9EC}.Debug|Any CPU.Build.0 = Debug|Any CPU
		{C077CBCE-B972-4E91-A88D-7E7C1DD6A9EC}.Release|Any CPU.ActiveCfg = Release|Any CPU
		{C077CBCE-B972-4E91-A88D-7E7C1DD6A9EC}.Release|Any CPU.Build.0 = Release|Any CPU
	EndGlobalSection
	GlobalSection(SolutionProperties) = preSolution
		HideSolutionNode = FALSE
	EndGlobalSection
	GlobalSection(ExtensibilityGlobals) = postSolution
		SolutionGuid = {68E858B2-CB1E-4CA7-9C93-FB1A5DBE69CE}
	EndGlobalSection
EndGlobal
